
Microsoft Visual Studio Solution File, Format Version 12.00
# Visual Studio Version 17
VisualStudioVersion = 17.9.34607.119
MinimumVisualStudioVersion = 10.0.40219.1
Project("{FAE04EC0-301F-11D3-BF4B-00C04F79EFBC}") = "TaskManager.Api", "TaskManager.Api\TaskManager.Api.csproj", "{F3BD872C-1B88-4091-A525-5BFE7C8BEF79}"
EndProject
Global
	GlobalSection(SolutionConfigurationPlatforms) = preSolution
		Debug|Any CPU = Debug|Any CPU
		Release|Any CPU = Release|Any CPU
	EndGlobalSection
	GlobalSection(ProjectConfigurationPlatforms) = postSolution
		{F3BD872C-1B88-4091-A525-5BFE7C8BEF79}.Debug|Any CPU.ActiveCfg = Debug|Any CPU
		{F3BD872C-1B88-4091-A525-5BFE7C8BEF79}.Debug|Any CPU.Build.0 = Debug|Any CPU
		{F3BD872C-1B88-4091-A525-5BFE7C8BEF79}.Release|Any CPU.ActiveCfg = Release|Any CPU
		{F3BD872C-1B88-4091-A525-5BFE7C8BEF79}.Release|Any CPU.Build.0 = Release|Any CPU
	EndGlobalSection
	GlobalSection(SolutionProperties) = preSolution
		HideSolutionNode = FALSE
	EndGlobalSection
	GlobalSection(ExtensibilityGlobals) = postSolution
		SolutionGuid = {C6867DD1-F245-475B-B566-4972ACC22B7B}
	EndGlobalSection
EndGlobal
